
Microsoft Visual Studio Solution File, Format Version 12.00
# Visual Studio Version 16
VisualStudioVersion = 16.0.31202.260
MinimumVisualStudioVersion = 10.0.40219.1
Project("{9A19103F-16F7-4668-BE54-9A1E7A4F7556}") = "Microsoft.Adl.VisualStudio", "Microsoft.Adl.VisualStudio.csproj", "{E56D4BDB-4A17-4BBB-81C1-258FBA49979F}"
EndProject
Global
	GlobalSection(SolutionConfigurationPlatforms) = preSolution
		Debug|Any CPU = Debug|Any CPU
		Release|Any CPU = Release|Any CPU
	EndGlobalSection
	GlobalSection(ProjectConfigurationPlatforms) = postSolution
		{E56D4BDB-4A17-4BBB-81C1-258FBA49979F}.Debug|Any CPU.ActiveCfg = Debug|Any CPU
		{E56D4BDB-4A17-4BBB-81C1-258FBA49979F}.Debug|Any CPU.Build.0 = Debug|Any CPU
		{E56D4BDB-4A17-4BBB-81C1-258FBA49979F}.Release|Any CPU.ActiveCfg = Release|Any CPU
		{E56D4BDB-4A17-4BBB-81C1-258FBA49979F}.Release|Any CPU.Build.0 = Release|Any CPU
	EndGlobalSection
	GlobalSection(SolutionProperties) = preSolution
		HideSolutionNode = FALSE
	EndGlobalSection
	GlobalSection(ExtensibilityGlobals) = postSolution
		SolutionGuid = {1DFC3838-4459-4321-B2A1-D473D4654597}
	EndGlobalSection
EndGlobal
